{
  "name": "express-dot-engine",
  "version": "1.1.0",
  "lockfileVersion": 1,
  "requires": true,
  "dependencies": {
    "argparse": {
      "version": "2.0.1",
      "resolved": "https://nexus.dudes.local/repository/npm/argparse/-/argparse-2.0.1.tgz",
      "integrity": "sha512-8+9WqebbFzpX9OR+Wa6O29asIogeRMzcGtAINdpMHHyAg10f05aSFVBbcEqGf/PXw1EjAZ+q2/bEBg3DvurK3Q=="
    },
    "commander": {
      "version": "2.3.0",
      "resolved": "https://nexus.dudes.local/repository/npm/commander/-/commander-2.3.0.tgz",
      "integrity": "sha512-CD452fnk0jQyk3NfnK+KkR/hUPoHt5pVaKHogtyyv3N0U4QfAal9W0/rXLOg/vVZgQKa7jdtXypKs1YAip11uQ==",
      "dev": true
    },
    "debug": {
      "version": "2.2.0",
      "resolved": "https://nexus.dudes.local/repository/npm/debug/-/debug-2.2.0.tgz",
      "integrity": "sha512-X0rGvJcskG1c3TgSCPqHJ0XJgwlcvOC7elJ5Y0hYuKBZoVqWpAMfLOeIh2UI/DCQ5ruodIjvsugZtjUYUw2pUw==",
      "dev": true,
      "requires": {
        "ms": "0.7.1"
      }
    },
    "diff": {
      "version": "1.4.0",
      "resolved": "https://nexus.dudes.local/repository/npm/diff/-/diff-1.4.0.tgz",
      "integrity": "sha512-VzVc42hMZbYU9Sx/ltb7KYuQ6pqAw+cbFWVy4XKdkuEL2CFaRLGEnISPs7YdzaUGpi+CpIqvRmu7hPQ4T7EQ5w==",
      "dev": true
    },
    "dot": {
      "version": "1.1.3",
      "resolved": "https://nexus.dudes.local/repository/npm/dot/-/dot-1.1.3.tgz",
      "integrity": "sha512-/nt74Rm+PcfnirXGEdhZleTwGC2LMnuKTeeTIlI82xb5loBBoXNYzr2ezCroPSMtilK8EZIfcNZwOcHN+ib1Lg=="
    },
    "escape-string-regexp": {
      "version": "1.0.2",
      "resolved": "https://nexus.dudes.local/repository/npm/escape-string-regexp/-/escape-string-regexp-1.0.2.tgz",
      "integrity": "sha512-cQpUid7bdTUnFin8S7BnNdOk+/eDqQmKgCANSyd/jAhrKEvxUvr9VQ8XZzXiOtest8NLfk3FSBZzwvemZNQ6Vg==",
      "dev": true
    },
    "glob": {
      "version": "3.2.11",
      "resolved": "https://nexus.dudes.local/repository/npm/glob/-/glob-3.2.11.tgz",
      "integrity": "sha512-hVb0zwEZwC1FXSKRPFTeOtN7AArJcJlI6ULGLtrstaswKNlrTJqAA+1lYlSUop4vjA423xlBzqfVS3iWGlqJ+g==",
      "dev": true,
      "requires": {
        "inherits": "2",
        "minimatch": "0.3"
      }
    },
    "growl": {
      "version": "1.9.2",
      "resolved": "https://nexus.dudes.local/repository/npm/growl/-/growl-1.9.2.tgz",
      "integrity": "sha512-RTBwDHhNuOx4F0hqzItc/siXCasGfC4DeWcBamclWd+6jWtBaeB/SGbMkGf0eiQoW7ib8JpvOgnUsmgMHI3Mfw==",
      "dev": true
    },
    "inherits": {
      "version": "2.0.4",
      "resolved": "https://nexus.dudes.local/repository/npm/inherits/-/inherits-2.0.4.tgz",
      "integrity": "sha512-k/vGaX4/Yla3WzyMCvTQOXYeIHvqOKtnqBduzTHpzpQZzAskKMhZ2K+EnBiSM9zGSoIFeMpXKxa4dYeZIQqewQ==",
      "dev": true
    },
    "jade": {
      "version": "0.26.3",
      "resolved": "https://nexus.dudes.local/repository/npm/jade/-/jade-0.26.3.tgz",
      "integrity": "sha512-mkk3vzUHFjzKjpCXeu+IjXeZD+QOTjUUdubgmHtHTDwvAO2ZTkMTTVrapts5CWz3JvJryh/4KWZpjeZrCepZ3A==",
      "dev": true,
      "requires": {
        "commander": "0.6.1",
        "mkdirp": "0.3.0"
      },
      "dependencies": {
        "commander": {
          "version": "0.6.1",
          "resolved": "https://nexus.dudes.local/repository/npm/commander/-/commander-0.6.1.tgz",
          "integrity": "sha512-0fLycpl1UMTGX257hRsu/arL/cUbcvQM4zMKwvLvzXtfdezIV4yotPS2dYtknF+NmEfWSoCEF6+hj9XLm/6hEw==",
          "dev": true
        },
        "mkdirp": {
          "version": "0.3.0",
          "resolved": "https://nexus.dudes.local/repository/npm/mkdirp/-/mkdirp-0.3.0.tgz",
          "integrity": "sha512-OHsdUcVAQ6pOtg5JYWpCBo9W/GySVuwvP9hueRMW7UqshC0tbfzLv8wjySTPm3tfUZ/21CE9E1pJagOA91Pxew==",
          "dev": true
        }
      }
    },
    "js-yaml": {
      "version": "4.1.0",
      "resolved": "https://nexus.dudes.local/repository/npm/js-yaml/-/js-yaml-4.1.0.tgz",
      "integrity": "sha512-wpxZs9NoxZaJESJGIZTyDEaYpl0FKSA+FB9aJiyemKhMwkxQg63h4T1KJgUGHpTqPDNRcmmYLugrRjJlBtWvRA==",
      "requires": {
        "argparse": "^2.0.1"
      }
    },
    "lodash": {
      "version": "4.17.21",
      "resolved": "https://nexus.dudes.local/repository/npm/lodash/-/lodash-4.17.21.tgz",
      "integrity": "sha512-v2kDEe57lecTulaDIuNTPy3Ry4gLGJ6Z1O3vE1krgXZNrsQ+LFTGHVxVjcXPs17LhbZVGedAJv8XZ1tvj5FvSg=="
    },
    "lru-cache": {
      "version": "2.7.3",
      "resolved": "https://nexus.dudes.local/repository/npm/lru-cache/-/lru-cache-2.7.3.tgz",
      "integrity": "sha512-WpibWJ60c3AgAz8a2iYErDrcT2C7OmKnsWhIcHOjkUHFjkXncJhtLxNSqUmxRxRunpb5I8Vprd7aNSd2NtksJQ==",
      "dev": true
    },
    "minimatch": {
      "version": "0.3.0",
      "resolved": "https://nexus.dudes.local/repository/npm/minimatch/-/minimatch-0.3.0.tgz",
      "integrity": "sha512-WFX1jI1AaxNTZVOHLBVazwTWKaQjoykSzCBNXB72vDTCzopQGtyP91tKdFK5cv1+qMwPyiTu1HqUriqplI8pcA==",
      "dev": true,
      "requires": {
        "lru-cache": "2",
        "sigmund": "~1.0.0"
      }
    },
    "minimist": {
      "version": "0.0.8",
      "resolved": "https://nexus.dudes.local/repository/npm/minimist/-/minimist-0.0.8.tgz",
      "integrity": "sha512-miQKw5Hv4NS1Psg2517mV4e4dYNaO3++hjAvLOAzKqZ61rH8NS1SK+vbfBWZ5PY/Me/bEWhUwqMghEW5Fb9T7Q==",
      "dev": true
    },
    "mkdirp": {
      "version": "0.5.1",
      "resolved": "https://nexus.dudes.local/repository/npm/mkdirp/-/mkdirp-0.5.1.tgz",
      "integrity": "sha512-SknJC52obPfGQPnjIkXbmA6+5H15E+fR+E4iR2oQ3zzCLbd7/ONua69R/Gw7AgkTLsRG+r5fzksYwWe1AgTyWA==",
      "dev": true,
      "requires": {
        "minimist": "0.0.8"
      }
    },
    "mocha": {
      "version": "2.5.3",
      "resolved": "https://nexus.dudes.local/repository/npm/mocha/-/mocha-2.5.3.tgz",
      "integrity": "sha512-jNt2iEk9FPmZLzL+sm4FNyOIDYXf2wUU6L4Cc8OIKK/kzgMHKPi4YhTZqG4bW4kQVdIv6wutDybRhXfdnujA1Q==",
      "dev": true,
      "requires": {
        "commander": "2.3.0",
        "debug": "2.2.0",
        "diff": "1.4.0",
        "escape-string-regexp": "1.0.2",
        "glob": "3.2.11",
        "growl": "1.9.2",
        "jade": "0.26.3",
        "mkdirp": "0.5.1",
        "supports-color": "1.2.0",
        "to-iso-string": "0.0.2"
      }
    },
    "mock-fs": {
      "version": "2.7.1",
      "resolved": "https://nexus.dudes.local/repository/npm/mock-fs/-/mock-fs-2.7.1.tgz",
      "integrity": "sha512-ma8VxP1j+dRNlawZZa6Ig/I8AMLTZufQWLrgag1XjAI1YSyylY/RJmxY0Vg1L4YbwRxLF7W7BtRKmaFOyNPB1A==",
      "dev": true,
      "requires": {
        "rewire": "~2.0.0",
        "semver": "^4.2.0"
      }
    },
    "ms": {
      "version": "0.7.1",
      "resolved": "https://nexus.dudes.local/repository/npm/ms/-/ms-0.7.1.tgz",
      "integrity": "sha512-lRLiIR9fSNpnP6TC4v8+4OU7oStC01esuNowdQ34L+Gk8e5Puoc88IqJ+XAY/B3Mn2ZKis8l8HX90oU8ivzUHg==",
      "dev": true
    },
    "rewire": {
      "version": "2.0.1",
      "resolved": "https://nexus.dudes.local/repository/npm/rewire/-/rewire-2.0.1.tgz",
      "integrity": "sha512-ahxgEmI6gW1hm8fuPiAOsLO1fOEEvSW4yn8F9OUDPhKh3Lk/C4jLsfIK3K7hGLYR66AkIKp3UBUt4KR32lvVsg==",
      "dev": true
    },
    "semver": {
      "version": "4.3.6",
      "resolved": "https://nexus.dudes.local/repository/npm/semver/-/semver-4.3.6.tgz",
      "integrity": "sha512-IrpJ+yoG4EOH8DFWuVg+8H1kW1Oaof0Wxe7cPcXW3x9BjkN/eVo54F15LyqemnDIUYskQWr9qvl/RihmSy6+xQ==",
      "dev": true
    },
    "should": {
      "version": "5.2.0",
      "resolved": "https://nexus.dudes.local/repository/npm/should/-/should-5.2.0.tgz",
      "integrity": "sha512-pArsssKt6iXvJ1aB1SPmw6Ca1X18DdA4WlfppPcvGypSgXe3EsMeS3wR0H9x/85bbclzEzpqWhaDTIlc4AoEpw==",
      "dev": true,
      "requires": {
        "should-equal": "0.3.1",
        "should-format": "0.0.7",
        "should-type": "0.0.4"
      }
    },
    "should-equal": {
      "version": "0.3.1",
      "resolved": "https://nexus.dudes.local/repository/npm/should-equal/-/should-equal-0.3.1.tgz",
      "integrity": "sha512-/Q/o9EL9CJlCsy817ZkcQVlyUzyeWUxS9HkXUrqv4tTg+aOXEwvOpR1odT0K9DwcMA0gCy452K71YJA1E6K1mQ==",
      "dev": true,
      "requires": {
        "should-type": "0.0.4"
      }
    },
    "should-format": {
      "version": "0.0.7",
      "resolved": "https://nexus.dudes.local/repository/npm/should-format/-/should-format-0.0.7.tgz",
      "integrity": "sha512-8oNurKotJEQy+HboLxAHkgKQ+dRfV9TmVAvcY3He1RdnE994M39JTmkCt67cWaygVLKUfBcLRITkpHy2Hsgwcg==",
      "dev": true,
      "requires": {
        "should-type": "0.0.4"
      }
    },
    "should-type": {
      "version": "0.0.4",
      "resolved": "https://nexus.dudes.local/repository/npm/should-type/-/should-type-0.0.4.tgz",
      "integrity": "sha512-ve9tkv/i29COtupPlu2g4SXGefgSTjDTBI8d5UgSmT52T9T5VBpZY9/Ygn5Pb3dcCaiMyEzBAxBkpUGxEbbMDw==",
      "dev": true
    },
    "sigmund": {
      "version": "1.0.1",
      "resolved": "https://nexus.dudes.local/repository/npm/sigmund/-/sigmund-1.0.1.tgz",
      "integrity": "sha1-P/IfGYytIXX587eBhT/ZTQ0ZtZA=",
      "dev": true
    },
    "supports-color": {
      "version": "1.2.0",
      "resolved": "https://nexus.dudes.local/repository/npm/supports-color/-/supports-color-1.2.0.tgz",
      "integrity": "sha512-mS5xsnjTh5b7f2DM6bch6lR582UCOTphzINlZnDsfpIRrwI6r58rb6YSSGsdexkm8qw2bBVO2ID2fnJOTuLiPA==",
      "dev": true
    },
    "to-iso-string": {
      "version": "0.0.2",
      "resolved": "https://nexus.dudes.local/repository/npm/to-iso-string/-/to-iso-string-0.0.2.tgz",
      "integrity": "sha512-oeHLgfWA7d0CPQa6h0+i5DAJZISz5un0d5SHPkw+Untclcvzv9T+AC3CvGXlZJdOlIbxbTfyyzlqCXc5hjpXYg==",
      "dev": true
    }
  }
}
